
Microsoft Visual Studio Solution File, Format Version 12.00
# Visual Studio 15
VisualStudioVersion = 15.0.28307.960
MinimumVisualStudioVersion = 10.0.40219.1
Project("{8BC9CEB8-8B4A-11D0-8D11-00A0C91BC942}") = "DB", "DB.vcxproj", "{85F9ED2F-CBEB-4259-9569-E2C71917FFBC}"
EndProject
Global
	GlobalSection(SolutionConfigurationPlatforms) = preSolution
		Debug|x86 = Debug|x86
		Release|x86 = Release|x86
	EndGlobalSection
	GlobalSection(ProjectConfigurationPlatforms) = postSolution
		{85F9ED2F-CBEB-4259-9569-E2C71917FFBC}.Debug|x86.ActiveCfg = Debug|Win32
		{85F9ED2F-CBEB-4259-9569-E2C71917FFBC}.Debug|x86.Build.0 = Debug|Win32
		{85F9ED2F-CBEB-4259-9569-E2C71917FFBC}.Release|x86.ActiveCfg = Release|Win32
		{85F9ED2F-CBEB-4259-9569-E2C71917FFBC}.Release|x86.Build.0 = Release|Win32
	EndGlobalSection
	GlobalSection(SolutionProperties) = preSolution
		HideSolutionNode = FALSE
	EndGlobalSection
	GlobalSection(ExtensibilityGlobals) = postSolution
		SolutionGuid = {BE390186-8506-4BB7-B4DA-2F8FECEFFF76}
	EndGlobalSection
EndGlobal
